// !$*UTF8*$!
{
	archiveVersion = 1;
	classes = {
	};
	objectVersion = 46;
	objects = {

/* Begin PBXBuildFile section */
		C0F30D9F1618BEF6001B72D2 /* UIKit.framework in Frameworks */ = {isa = PBXBuildFile; fileRef = C0F30D9E1618BEF6001B72D2 /* UIKit.framework */; };
		C0F30DA11618BEF6001B72D2 /* Foundation.framework in Frameworks */ = {isa = PBXBuildFile; fileRef = C0F30DA01618BEF6001B72D2 /* Foundation.framework */; };
		C0F30DA31618BEF6001B72D2 /* CoreGraphics.framework in Frameworks */ = {isa = PBXBuildFile; fileRef = C0F30DA21618BEF6001B72D2 /* CoreGraphics.framework */; };
		C0F30DA91618BEF6001B72D2 /* InfoPlist.strings in Resources */ = {isa = PBXBuildFile; fileRef = C0F30DA71618BEF6001B72D2 /* InfoPlist.strings */; };
		C0F30DAB1618BEF6001B72D2 /* main.m in Sources */ = {isa = PBXBuildFile; fileRef = C0F30DAA1618BEF6001B72D2 /* main.m */; };
		C0F30DAF1618BEF6001B72D2 /* KTCAppDelegate.m in Sources */ = {isa = PBXBuildFile; fileRef = C0F30DAE1618BEF6001B72D2 /* KTCAppDelegate.m */; };
/* End PBXBuildFile section */

/* Begin PBXFileReference section */
		C0F30D9A1618BEF6001B72D2 /* Thumbtack Challenge.app */ = {isa = PBXFileReference; explicitFileType = wrapper.application; includeInIndex = 0; path = "Thumbtack Challenge.app"; sourceTree = BUILT_PRODUCTS_DIR; };
		C0F30D9E1618BEF6001B72D2 /* UIKit.framework */ = {isa = PBXFileReference; lastKnownFileType = wrapper.framework; name = UIKit.framework; path = System/Library/Frameworks/UIKit.framework; sourceTree = SDKROOT; };
		C0F30DA01618BEF6001B72D2 /* Foundation.framework */ = {isa = PBXFileReference; lastKnownFileType = wrapper.framework; name = Foundation.framework; path = System/Library/Frameworks/Foundation.framework; sourceTree = SDKROOT; };
		C0F30DA21618BEF6001B72D2 /* CoreGraphics.framework */ = {isa = PBXFileReference; lastKnownFileType = wrapper.framework; name = CoreGraphics.framework; path = System/Library/Frameworks/CoreGraphics.framework; sourceTree = SDKROOT; };
		C0F30DA61618BEF6001B72D2 /* Thumbtack Challenge-Info.plist */ = {isa = PBXFileReference; lastKnownFileType = text.plist.xml; path = "Thumbtack Challenge-Info.plist"; sourceTree = "<group>"; };
		C0F30DA81618BEF6001B72D2 /* en */ = {isa = PBXFileReference; lastKnownFileType = text.plist.strings; name = en; path = en.lproj/InfoPlist.strings; sourceTree = "<group>"; };
		C0F30DAA1618BEF6001B72D2 /* main.m */ = {isa = PBXFileReference; lastKnownFileType = sourcecode.c.objc; path = main.m; sourceTree = "<group>"; };
		C0F30DAC1618BEF6001B72D2 /* Thumbtack Challenge-Prefix.pch */ = {isa = PBXFileReference; lastKnownFileType = sourcecode.c.h; path = "Thumbtack Challenge-Prefix.pch"; sourceTree = "<group>"; };
		C0F30DAD1618BEF6001B72D2 /* KTCAppDelegate.h */ = {isa = PBXFileReference; lastKnownFileType = sourcecode.c.h; path = KTCAppDelegate.h; sourceTree = "<group>"; };
		C0F30DAE1618BEF6001B72D2 /* KTCAppDelegate.m */ = {isa = PBXFileReference; lastKnownFileType = sourcecode.c.objc; path = KTCAppDelegate.m; sourceTree = "<group>"; };
/* End PBXFileReference section */

/* Begin PBXFrameworksBuildPhase section */
		C0F30D971618BEF6001B72D2 /* Frameworks */ = {
			isa = PBXFrameworksBuildPhase;
			buildActionMask = 2147483647;
			files = (
				C0F30D9F1618BEF6001B72D2 /* UIKit.framework in Frameworks */,
				C0F30DA11618BEF6001B72D2 /* Foundation.framework in Frameworks */,
				C0F30DA31618BEF6001B72D2 /* CoreGraphics.framework in Frameworks */,
			);
			runOnlyForDeploymentPostprocessing = 0;
		};
/* End PBXFrameworksBuildPhase section */

/* Begin PBXGroup section */
		C0F30D8F1618BEF5001B72D2 = {
			isa = PBXGroup;
			children = (
				C0F30DA41618BEF6001B72D2 /* Thumbtack Challenge */,
				C0F30D9D1618BEF6001B72D2 /* Frameworks */,
				C0F30D9B1618BEF6001B72D2 /* Products */,
			);
			sourceTree = "<group>";
		};
		C0F30D9B1618BEF6001B72D2 /* Products */ = {
			isa = PBXGroup;
			children = (
				C0F30D9A1618BEF6001B72D2 /* Thumbtack Challenge.app */,
			);
			name = Products;
			sourceTree = "<group>";
		};
		C0F30D9D1618BEF6001B72D2 /* Frameworks */ = {
			isa = PBXGroup;
			children = (
				C0F30D9E1618BEF6001B72D2 /* UIKit.framework */,
				C0F30DA01618BEF6001B72D2 /* Foundation.framework */,
				C0F30DA21618BEF6001B72D2 /* CoreGraphics.framework */,
			);
			name = Frameworks;
			sourceTree = "<group>";
		};
		C0F30DA41618BEF6001B72D2 /* Thumbtack Challenge */ = {
			isa = PBXGroup;
			children = (
				C0F30DAD1618BEF6001B72D2 /* KTCAppDelegate.h */,
				C0F30DAE1618BEF6001B72D2 /* KTCAppDelegate.m */,
				C0F30DA51618BEF6001B72D2 /* Supporting Files */,
			);
			path = "Thumbtack Challenge";
			sourceTree = "<group>";
		};
		C0F30DA51618BEF6001B72D2 /* Supporting Files */ = {
			isa = PBXGroup;
			children = (
				C0F30DA61618BEF6001B72D2 /* Thumbtack Challenge-Info.plist */,
				C0F30DA71618BEF6001B72D2 /* InfoPlist.strings */,
				C0F30DAA1618BEF6001B72D2 /* main.m */,
				C0F30DAC1618BEF6001B72D2 /* Thumbtack Challenge-Prefix.pch */,
			);
			name = "Supporting Files";
			sourceTree = "<group>";
		};
/* End PBXGroup section */

/* Begin PBXNativeTarget section */
		C0F30D991618BEF6001B72D2 /* Thumbtack Challenge */ = {
			isa = PBXNativeTarget;
			buildConfigurationList = C0F30DB21618BEF6001B72D2 /* Build configuration list for PBXNativeTarget "Thumbtack Challenge" */;
			buildPhases = (
				C0F30D961618BEF6001B72D2 /* Sources */,
				C0F30D971618BEF6001B72D2 /* Frameworks */,
				C0F30D981618BEF6001B72D2 /* Resources */,
			);
			buildRules = (
			);
			dependencies = (
			);
			name = "Thumbtack Challenge";
			productName = "Thumbtack Challenge";
			productReference = C0F30D9A1618BEF6001B72D2 /* Thumbtack Challenge.app */;
			productType = "com.apple.product-type.application";
		};
/* End PBXNativeTarget section */

/* Begin PBXProject section */
		C0F30D911618BEF5001B72D2 /* Project object */ = {
			isa = PBXProject;
			attributes = {
				LastUpgradeCheck = 0420;
			};
			buildConfigurationList = C0F30D941618BEF5001B72D2 /* Build configuration list for PBXProject "Thumbtack Challenge" */;
			compatibilityVersion = "Xcode 3.2";
			developmentRegion = English;
			hasScannedForEncodings = 0;
			knownRegions = (
				en,
			);
			mainGroup = C0F30D8F1618BEF5001B72D2;
			productRefGroup = C0F30D9B1618BEF6001B72D2 /* Products */;
			projectDirPath = "";
			projectRoot = "";
			targets = (
				C0F30D991618BEF6001B72D2 /* Thumbtack Challenge */,
			);
		};
/* End PBXProject section */

/* Begin PBXResourcesBuildPhase section */
		C0F30D981618BEF6001B72D2 /* Resources */ = {
			isa = PBXResourcesBuildPhase;
			buildActionMask = 2147483647;
			files = (
				C0F30DA91618BEF6001B72D2 /* InfoPlist.strings in Resources */,
			);
			runOnlyForDeploymentPostprocessing = 0;
		};
/* End PBXResourcesBuildPhase section */

/* Begin PBXSourcesBuildPhase section */
		C0F30D961618BEF6001B72D2 /* Sources */ = {
			isa = PBXSourcesBuildPhase;
			buildActionMask = 2147483647;
			files = (
				C0F30DAB1618BEF6001B72D2 /* main.m in Sources */,
				C0F30DAF1618BEF6001B72D2 /* KTCAppDelegate.m in Sources */,
			);
			runOnlyForDeploymentPostprocessing = 0;
		};
/* End PBXSourcesBuildPhase section */

/* Begin PBXVariantGroup section */
		C0F30DA71618BEF6001B72D2 /* InfoPlist.strings */ = {
			isa = PBXVariantGroup;
			children = (
				C0F30DA81618BEF6001B72D2 /* en */,
			);
			name = InfoPlist.strings;
			sourceTree = "<group>";
		};
/* End PBXVariantGroup section */

/* Begin XCBuildConfiguration section */
		C0F30DB01618BEF6001B72D2 /* Debug */ = {
			isa = XCBuildConfiguration;
			buildSettings = {
				ALWAYS_SEARCH_USER_PATHS = NO;
				ARCHS = "$(ARCHS_STANDARD_32_BIT)";
				CLANG_ENABLE_OBJC_ARC = YES;
				"CODE_SIGN_IDENTITY[sdk=iphoneos*]" = "iPhone Developer";
				COPY_PHASE_STRIP = NO;
				GCC_C_LANGUAGE_STANDARD = gnu99;
				GCC_DYNAMIC_NO_PIC = NO;
				GCC_OPTIMIZATION_LEVEL = 0;
				GCC_PREPROCESSOR_DEFINITIONS = (
					"DEBUG=1",
					"$(inherited)",
				);
				GCC_SYMBOLS_PRIVATE_EXTERN = NO;
				GCC_VERSION = com.apple.compilers.llvm.clang.1_0;
				GCC_WARN_ABOUT_MISSING_PROTOTYPES = YES;
				GCC_WARN_ABOUT_RETURN_TYPE = YES;
				GCC_WARN_UNUSED_VARIABLE = YES;
				IPHONEOS_DEPLOYMENT_TARGET = 5.1;
				SDKROOT = iphoneos;
			};
			name = Debug;
		};
		C0F30DB11618BEF6001B72D2 /* Release */ = {
			isa = XCBuildConfiguration;
			buildSettings = {
				ALWAYS_SEARCH_USER_PATHS = NO;
				ARCHS = "$(ARCHS_STANDARD_32_BIT)";
				CLANG_ENABLE_OBJC_ARC = YES;
				"CODE_SIGN_IDENTITY[sdk=iphoneos*]" = "iPhone Developer";
				COPY_PHASE_STRIP = YES;
				GCC_C_LANGUAGE_STANDARD = gnu99;
				GCC_VERSION = com.apple.compilers.llvm.clang.1_0;
				GCC_WARN_ABOUT_MISSING_PROTOTYPES = YES;
				GCC_WARN_ABOUT_RETURN_TYPE = YES;
				GCC_WARN_UNUSED_VARIABLE = YES;
				IPHONEOS_DEPLOYMENT_TARGET = 5.1;
				OTHER_CFLAGS = "-DNS_BLOCK_ASSERTIONS=1";
				SDKROOT = iphoneos;
				VALIDATE_PRODUCT = YES;
			};
			name = Release;
		};
		C0F30DB31618BEF6001B72D2 /* Debug */ = {
			isa = XCBuildConfiguration;
			buildSettings = {
				GCC_PRECOMPILE_PREFIX_HEADER = YES;
				GCC_PREFIX_HEADER = "Thumbtack Challenge/Thumbtack Challenge-Prefix.pch";
				INFOPLIST_FILE = "Thumbtack Challenge/Thumbtack Challenge-Info.plist";
				PRODUCT_NAME = "$(TARGET_NAME)";
				WRAPPER_EXTENSION = app;
			};
			name = Debug;
		};
		C0F30DB41618BEF6001B72D2 /* Release */ = {
			isa = XCBuildConfiguration;
			buildSettings = {
				GCC_PRECOMPILE_PREFIX_HEADER = YES;
				GCC_PREFIX_HEADER = "Thumbtack Challenge/Thumbtack Challenge-Prefix.pch";
				INFOPLIST_FILE = "Thumbtack Challenge/Thumbtack Challenge-Info.plist";
				PRODUCT_NAME = "$(TARGET_NAME)";
				WRAPPER_EXTENSION = app;
			};
			name = Release;
		};
/* End XCBuildConfiguration section */

/* Begin XCConfigurationList section */
		C0F30D941618BEF5001B72D2 /* Build configuration list for PBXProject "Thumbtack Challenge" */ = {
			isa = XCConfigurationList;
			buildConfigurations = (
				C0F30DB01618BEF6001B72D2 /* Debug */,
				C0F30DB11618BEF6001B72D2 /* Release */,
			);
			defaultConfigurationIsVisible = 0;
			defaultConfigurationName = Release;
		};
		C0F30DB21618BEF6001B72D2 /* Build configuration list for PBXNativeTarget "Thumbtack Challenge" */ = {
			isa = XCConfigurationList;
			buildConfigurations = (
				C0F30DB31618BEF6001B72D2 /* Debug */,
				C0F30DB41618BEF6001B72D2 /* Release */,
			);
			defaultConfigurationIsVisible = 0;
		};
/* End XCConfigurationList section */
	};
	rootObject = C0F30D911618BEF5001B72D2 /* Project object */;
}
